# THIS IS AN AUTOGENERATED FILE. DO NOT EDIT THIS FILE DIRECTLY.
# yarn lockfile v1


"@tklc/miniapp-tracker-sdk@0.0.23":
  version "0.0.23"
  resolved "http://10.0.0.122:7001/@tklc/miniapp-tracker-sdk/download/@tklc/miniapp-tracker-sdk-0.0.23.tgz#246f9bd20e845833fb4d0e21ff431d738b1f5d73"
  integrity sha1-JG+b0g6EWDP7TQ4h/0Mdc4sfXXM=

domelementtype@1:
  version "1.3.1"
  resolved "https://registry.npm.taobao.org/domelementtype/download/domelementtype-1.3.1.tgz?cache=0&sync_timestamp=1600028450905&other_urls=https%3A%2F%2Fregistry.npm.taobao.org%2Fdomelementtype%2Fdownload%2Fdomelementtype-1.3.1.tgz#d048c44b37b0d10a7f2a3d5fee3f4333d790481f"
  integrity sha1-0EjESzew0Qp/Kj1f7j9DM9eQSB8=

domhandler@^2.4.2:
  version "2.4.2"
  resolved "https://registry.npm.taobao.org/domhandler/download/domhandler-2.4.2.tgz#8805097e933d65e85546f726d60f5eb88b44f803"
  integrity sha1-iAUJfpM9ZehVRvcm1g9euItE+AM=
  dependencies:
    domelementtype "1"

entities@^1.1.1:
  version "1.1.2"
  resolved "https://registry.npm.taobao.org/entities/download/entities-1.1.2.tgz?cache=0&other_urls=https%3A%2F%2Fregistry.npm.taobao.org%2Fentities%2Fdownload%2Fentities-1.1.2.tgz#bdfa735299664dfafd34529ed4f8522a275fea56"
  integrity sha1-vfpzUplmTfr9NFKe1PhSKidf6lY=

events@^3.0.0:
  version "3.2.0"
  resolved "https://registry.npm.taobao.org/events/download/events-3.2.0.tgz?cache=0&sync_timestamp=1595422602348&other_urls=https%3A%2F%2Fregistry.npm.taobao.org%2Fevents%2Fdownload%2Fevents-3.2.0.tgz#93b87c18f8efcd4202a461aec4dfc0556b639379"
  integrity sha1-k7h8GPjvzUICpGGuxN/AVWtjk3k=

herculex@0.2.15:
  version "0.2.15"
  resolved "https://registry.npm.taobao.org/herculex/download/herculex-0.2.15.tgz#96463cca3c599c4805bee06264bbe60a096a6812"
  integrity sha1-lkY8yjxZnEgFvuBiZLvmCglqaBI=
  dependencies:
    immer "^1.7.2"
    immutability-helper-enhanced "^2.8.1"

immer@^1.7.2:
  version "1.12.1"
  resolved "https://registry.npm.taobao.org/immer/download/immer-1.12.1.tgz?cache=0&sync_timestamp=1599661866460&other_urls=https%3A%2F%2Fregistry.npm.taobao.org%2Fimmer%2Fdownload%2Fimmer-1.12.1.tgz#40c6e5b292c00560836c2993bda3a24379d466f5"
  integrity sha1-QMblspLABWCDbCmTvaOiQ3nUZvU=

immutability-helper-enhanced@^2.8.1:
  version "2.8.1"
  resolved "https://registry.npm.taobao.org/immutability-helper-enhanced/download/immutability-helper-enhanced-2.8.1.tgz#4b983d622cd185181f3ab6ddac205e88f3d06544"
  integrity sha1-S5g9YizRhRgfOrbdrCBeiPPQZUQ=

mini-html-parser2@^0.2.0:
  version "0.2.0"
  resolved "https://registry.npm.taobao.org/mini-html-parser2/download/mini-html-parser2-0.2.0.tgz#15de582fc10afd7dfed5407572b4c65c501bfba3"
  integrity sha1-Fd5YL8EK/X3+1UB1crTGXFAb+6M=
  dependencies:
    domhandler "^2.4.2"
    entities "^1.1.1"
    events "^3.0.0"

mini-types@^0.1.2:
  version "0.1.4"
  resolved "https://registry.npm.taobao.org/mini-types/download/mini-types-0.1.4.tgz?cache=0&sync_timestamp=1597044908294&other_urls=https%3A%2F%2Fregistry.npm.taobao.org%2Fmini-types%2Fdownload%2Fmini-types-0.1.4.tgz#47712c66069119395228b8b2d483a11ee7cf9fb1"
  integrity sha1-R3EsZgaRGTlSKLiy1IOhHufPn7E=
